// !$*UTF8*$!
{
	archiveVersion = 1;
	classes = {
	};
	objectVersion = 56;
	objects = {

/* Begin PBXBuildFile section */
		72D27BC421E4E7FDB6731352 /* Pods_PomoBuddy.framework in Frameworks */ = {isa = PBXBuildFile; fileRef = 33A05CB708B4FAA75C3F757F /* Pods_PomoBuddy.framework */; };
		850BD5D72BCB1B3300A0103E /* PBHomePageController.m in Sources */ = {isa = PBXBuildFile; fileRef = 850BD5D62BCB1B3300A0103E /* PBHomePageController.m */; };
		850BD5DB2BCBC72D00A0103E /* PBCommonUtils.m in Sources */ = {isa = PBXBuildFile; fileRef = 850BD5DA2BCBC72D00A0103E /* PBCommonUtils.m */; };
		850BD5DF2BCBD51800A0103E /* PBSettingViewController.m in Sources */ = {isa = PBXBuildFile; fileRef = 850BD5DE2BCBD51800A0103E /* PBSettingViewController.m */; };
		850BD5E42BCC23C800A0103E /* PBEvent.m in Sources */ = {isa = PBXBuildFile; fileRef = 850BD5E32BCC23C800A0103E /* PBEvent.m */; };
		850BD5E82BCC265E00A0103E /* PBHomePageMenuView.m in Sources */ = {isa = PBXBuildFile; fileRef = 850BD5E72BCC265E00A0103E /* PBHomePageMenuView.m */; };
		850BD5EB2BCC587200A0103E /* UIView+Helper.m in Sources */ = {isa = PBXBuildFile; fileRef = 850BD5EA2BCC587200A0103E /* UIView+Helper.m */; };
		850BD5EF2BCDA96300A0103E /* PBSettingSwitchItem.m in Sources */ = {isa = PBXBuildFile; fileRef = 850BD5EE2BCDA96300A0103E /* PBSettingSwitchItem.m */; };
		850BD5F22BCDAB7600A0103E /* PBSettingGroup.m in Sources */ = {isa = PBXBuildFile; fileRef = 850BD5F12BCDAB7600A0103E /* PBSettingGroup.m */; };
		850BD5F52BCDAC3900A0103E /* PBSettingManager.m in Sources */ = {isa = PBXBuildFile; fileRef = 850BD5F42BCDAC3900A0103E /* PBSettingManager.m */; };
		850BD5F92BCE318E00A0103E /* PBNavigationController.m in Sources */ = {isa = PBXBuildFile; fileRef = 850BD5F82BCE318E00A0103E /* PBNavigationController.m */; };
		85419BF92BCE714600E1786E /* PBSettingSwitchCell.m in Sources */ = {isa = PBXBuildFile; fileRef = 85419BF82BCE714600E1786E /* PBSettingSwitchCell.m */; };
		856AF1EE2BCB0B7000F6FD55 /* AppDelegate.m in Sources */ = {isa = PBXBuildFile; fileRef = 856AF1ED2BCB0B7000F6FD55 /* AppDelegate.m */; };
		856AF1F12BCB0B7000F6FD55 /* SceneDelegate.m in Sources */ = {isa = PBXBuildFile; fileRef = 856AF1F02BCB0B7000F6FD55 /* SceneDelegate.m */; };
		856AF1F42BCB0B7000F6FD55 /* ViewController.m in Sources */ = {isa = PBXBuildFile; fileRef = 856AF1F32BCB0B7000F6FD55 /* ViewController.m */; };
		856AF1F92BCB0B7100F6FD55 /* Assets.xcassets in Resources */ = {isa = PBXBuildFile; fileRef = 856AF1F82BCB0B7100F6FD55 /* Assets.xcassets */; };
		856AF1FC2BCB0B7100F6FD55 /* LaunchScreen.storyboard in Resources */ = {isa = PBXBuildFile; fileRef = 856AF1FA2BCB0B7100F6FD55 /* LaunchScreen.storyboard */; };
		856AF1FF2BCB0B7100F6FD55 /* main.m in Sources */ = {isa = PBXBuildFile; fileRef = 856AF1FE2BCB0B7100F6FD55 /* main.m */; };
/* End PBXBuildFile section */

/* Begin PBXFileReference section */
		33A05CB708B4FAA75C3F757F /* Pods_PomoBuddy.framework */ = {isa = PBXFileReference; explicitFileType = wrapper.framework; includeInIndex = 0; path = Pods_PomoBuddy.framework; sourceTree = BUILT_PRODUCTS_DIR; };
		39C4F2EB5BE16D1EAD71DCF9 /* Pods-PomoBuddy.release.xcconfig */ = {isa = PBXFileReference; includeInIndex = 1; lastKnownFileType = text.xcconfig; name = "Pods-PomoBuddy.release.xcconfig"; path = "Target Support Files/Pods-PomoBuddy/Pods-PomoBuddy.release.xcconfig"; sourceTree = "<group>"; };
		850BD5D52BCB1B2200A0103E /* PBHomePageController.h */ = {isa = PBXFileReference; lastKnownFileType = sourcecode.c.h; path = PBHomePageController.h; sourceTree = "<group>"; };
		850BD5D62BCB1B3300A0103E /* PBHomePageController.m */ = {isa = PBXFileReference; lastKnownFileType = sourcecode.c.objc; path = PBHomePageController.m; sourceTree = "<group>"; };
		850BD5D82BCBB20E00A0103E /* PBCommonMacro.h */ = {isa = PBXFileReference; lastKnownFileType = sourcecode.c.h; path = PBCommonMacro.h; sourceTree = "<group>"; };
		850BD5D92BCBC72000A0103E /* PBCommonUtils.h */ = {isa = PBXFileReference; lastKnownFileType = sourcecode.c.h; path = PBCommonUtils.h; sourceTree = "<group>"; };
		850BD5DA2BCBC72D00A0103E /* PBCommonUtils.m */ = {isa = PBXFileReference; lastKnownFileType = sourcecode.c.objc; path = PBCommonUtils.m; sourceTree = "<group>"; };
		850BD5DD2BCBD51100A0103E /* PBSettingViewController.h */ = {isa = PBXFileReference; lastKnownFileType = sourcecode.c.h; path = PBSettingViewController.h; sourceTree = "<group>"; };
		850BD5DE2BCBD51800A0103E /* PBSettingViewController.m */ = {isa = PBXFileReference; lastKnownFileType = sourcecode.c.objc; path = PBSettingViewController.m; sourceTree = "<group>"; };
		850BD5E22BCC23C000A0103E /* PBEvent.h */ = {isa = PBXFileReference; lastKnownFileType = sourcecode.c.h; path = PBEvent.h; sourceTree = "<group>"; };
		850BD5E32BCC23C800A0103E /* PBEvent.m */ = {isa = PBXFileReference; lastKnownFileType = sourcecode.c.objc; path = PBEvent.m; sourceTree = "<group>"; };
		850BD5E62BCC265700A0103E /* PBHomePageMenuView.h */ = {isa = PBXFileReference; lastKnownFileType = sourcecode.c.h; path = PBHomePageMenuView.h; sourceTree = "<group>"; };
		850BD5E72BCC265E00A0103E /* PBHomePageMenuView.m */ = {isa = PBXFileReference; lastKnownFileType = sourcecode.c.objc; path = PBHomePageMenuView.m; sourceTree = "<group>"; };
		850BD5E92BCC587200A0103E /* UIView+Helper.h */ = {isa = PBXFileReference; lastKnownFileType = sourcecode.c.h; path = "UIView+Helper.h"; sourceTree = "<group>"; };
		850BD5EA2BCC587200A0103E /* UIView+Helper.m */ = {isa = PBXFileReference; lastKnownFileType = sourcecode.c.objc; path = "UIView+Helper.m"; sourceTree = "<group>"; };
		850BD5EC2BCC59E800A0103E /* PomoBuddy-prefix.pch */ = {isa = PBXFileReference; lastKnownFileType = sourcecode.c.h; path = "PomoBuddy-prefix.pch"; sourceTree = "<group>"; };
		850BD5ED2BCDA95A00A0103E /* PBSettingSwitchItem.h */ = {isa = PBXFileReference; lastKnownFileType = sourcecode.c.h; path = PBSettingSwitchItem.h; sourceTree = "<group>"; };
		850BD5EE2BCDA96300A0103E /* PBSettingSwitchItem.m */ = {isa = PBXFileReference; lastKnownFileType = sourcecode.c.objc; path = PBSettingSwitchItem.m; sourceTree = "<group>"; };
		850BD5F02BCDAB6E00A0103E /* PBSettingGroup.h */ = {isa = PBXFileReference; lastKnownFileType = sourcecode.c.h; path = PBSettingGroup.h; sourceTree = "<group>"; };
		850BD5F12BCDAB7600A0103E /* PBSettingGroup.m */ = {isa = PBXFileReference; lastKnownFileType = sourcecode.c.objc; path = PBSettingGroup.m; sourceTree = "<group>"; };
		850BD5F32BCDAC2B00A0103E /* PBSettingManager.h */ = {isa = PBXFileReference; lastKnownFileType = sourcecode.c.h; path = PBSettingManager.h; sourceTree = "<group>"; };
		850BD5F42BCDAC3900A0103E /* PBSettingManager.m */ = {isa = PBXFileReference; lastKnownFileType = sourcecode.c.objc; path = PBSettingManager.m; sourceTree = "<group>"; };
		850BD5F72BCE1FA400A0103E /* PBNavigationController.h */ = {isa = PBXFileReference; lastKnownFileType = sourcecode.c.h; path = PBNavigationController.h; sourceTree = "<group>"; };
		850BD5F82BCE318E00A0103E /* PBNavigationController.m */ = {isa = PBXFileReference; lastKnownFileType = sourcecode.c.objc; path = PBNavigationController.m; sourceTree = "<group>"; };
		85419BF72BCE713700E1786E /* PBSettingSwitchCell.h */ = {isa = PBXFileReference; lastKnownFileType = sourcecode.c.h; path = PBSettingSwitchCell.h; sourceTree = "<group>"; };
		85419BF82BCE714600E1786E /* PBSettingSwitchCell.m */ = {isa = PBXFileReference; lastKnownFileType = sourcecode.c.objc; path = PBSettingSwitchCell.m; sourceTree = "<group>"; };
		856AF1E92BCB0B7000F6FD55 /* PomoBuddy.app */ = {isa = PBXFileReference; explicitFileType = wrapper.application; includeInIndex = 0; path = PomoBuddy.app; sourceTree = BUILT_PRODUCTS_DIR; };
		856AF1EC2BCB0B7000F6FD55 /* AppDelegate.h */ = {isa = PBXFileReference; lastKnownFileType = sourcecode.c.h; path = AppDelegate.h; sourceTree = "<group>"; };
		856AF1ED2BCB0B7000F6FD55 /* AppDelegate.m */ = {isa = PBXFileReference; lastKnownFileType = sourcecode.c.objc; path = AppDelegate.m; sourceTree = "<group>"; };
		856AF1EF2BCB0B7000F6FD55 /* SceneDelegate.h */ = {isa = PBXFileReference; lastKnownFileType = sourcecode.c.h; path = SceneDelegate.h; sourceTree = "<group>"; };
		856AF1F02BCB0B7000F6FD55 /* SceneDelegate.m */ = {isa = PBXFileReference; lastKnownFileType = sourcecode.c.objc; path = SceneDelegate.m; sourceTree = "<group>"; };
		856AF1F22BCB0B7000F6FD55 /* ViewController.h */ = {isa = PBXFileReference; lastKnownFileType = sourcecode.c.h; path = ViewController.h; sourceTree = "<group>"; };
		856AF1F32BCB0B7000F6FD55 /* ViewController.m */ = {isa = PBXFileReference; lastKnownFileType = sourcecode.c.objc; path = ViewController.m; sourceTree = "<group>"; };
		856AF1F82BCB0B7100F6FD55 /* Assets.xcassets */ = {isa = PBXFileReference; lastKnownFileType = folder.assetcatalog; path = Assets.xcassets; sourceTree = "<group>"; };
		856AF1FB2BCB0B7100F6FD55 /* Base */ = {isa = PBXFileReference; lastKnownFileType = file.storyboard; name = Base; path = Base.lproj/LaunchScreen.storyboard; sourceTree = "<group>"; };
		856AF1FD2BCB0B7100F6FD55 /* Info.plist */ = {isa = PBXFileReference; lastKnownFileType = text.plist.xml; path = Info.plist; sourceTree = "<group>"; };
		856AF1FE2BCB0B7100F6FD55 /* main.m */ = {isa = PBXFileReference; lastKnownFileType = sourcecode.c.objc; path = main.m; sourceTree = "<group>"; };
		B33B42EE5A767CD5810D5F5C /* Pods-PomoBuddy.debug.xcconfig */ = {isa = PBXFileReference; includeInIndex = 1; lastKnownFileType = text.xcconfig; name = "Pods-PomoBuddy.debug.xcconfig"; path = "Target Support Files/Pods-PomoBuddy/Pods-PomoBuddy.debug.xcconfig"; sourceTree = "<group>"; };
/* End PBXFileReference section */

/* Begin PBXFrameworksBuildPhase section */
		856AF1E62BCB0B7000F6FD55 /* Frameworks */ = {
			isa = PBXFrameworksBuildPhase;
			buildActionMask = 2147483647;
			files = (
				72D27BC421E4E7FDB6731352 /* Pods_PomoBuddy.framework in Frameworks */,
			);
			runOnlyForDeploymentPostprocessing = 0;
		};
/* End PBXFrameworksBuildPhase section */

/* Begin PBXGroup section */
		27098AC69C2E268CE7BF29A4 /* Frameworks */ = {
			isa = PBXGroup;
			children = (
				33A05CB708B4FAA75C3F757F /* Pods_PomoBuddy.framework */,
			);
			name = Frameworks;
			sourceTree = "<group>";
		};
		35380429FDB0CD1B58CB8B55 /* Pods */ = {
			isa = PBXGroup;
			children = (
				B33B42EE5A767CD5810D5F5C /* Pods-PomoBuddy.debug.xcconfig */,
				39C4F2EB5BE16D1EAD71DCF9 /* Pods-PomoBuddy.release.xcconfig */,
			);
			path = Pods;
			sourceTree = "<group>";
		};
		850BD5D22BCB106500A0103E /* Modules */ = {
			isa = PBXGroup;
			children = (
				850BD5F62BCE1F8F00A0103E /* Navigation */,
				850BD5E52BCC264600A0103E /* Menu */,
				850BD5E12BCC228100A0103E /* Statistic */,
				850BD5E02BCC226A00A0103E /* Event */,
				850BD5DC2BCBD15B00A0103E /* Setting */,
				850BD5D42BCB1AF600A0103E /* HomePage */,
				850BD5D32BCB19DA00A0103E /* Common */,
			);
			path = Modules;
			sourceTree = "<group>";
		};
		850BD5D32BCB19DA00A0103E /* Common */ = {
			isa = PBXGroup;
			children = (
				850BD5D82BCBB20E00A0103E /* PBCommonMacro.h */,
				850BD5D92BCBC72000A0103E /* PBCommonUtils.h */,
				850BD5DA2BCBC72D00A0103E /* PBCommonUtils.m */,
				850BD5E92BCC587200A0103E /* UIView+Helper.h */,
				850BD5EA2BCC587200A0103E /* UIView+Helper.m */,
			);
			path = Common;
			sourceTree = "<group>";
		};
		850BD5D42BCB1AF600A0103E /* HomePage */ = {
			isa = PBXGroup;
			children = (
				850BD5D52BCB1B2200A0103E /* PBHomePageController.h */,
				850BD5D62BCB1B3300A0103E /* PBHomePageController.m */,
			);
			path = HomePage;
			sourceTree = "<group>";
		};
		850BD5DC2BCBD15B00A0103E /* Setting */ = {
			isa = PBXGroup;
			children = (
				850BD5DD2BCBD51100A0103E /* PBSettingViewController.h */,
				850BD5DE2BCBD51800A0103E /* PBSettingViewController.m */,
				850BD5ED2BCDA95A00A0103E /* PBSettingSwitchItem.h */,
				850BD5EE2BCDA96300A0103E /* PBSettingSwitchItem.m */,
				850BD5F02BCDAB6E00A0103E /* PBSettingGroup.h */,
				850BD5F12BCDAB7600A0103E /* PBSettingGroup.m */,
				850BD5F32BCDAC2B00A0103E /* PBSettingManager.h */,
				850BD5F42BCDAC3900A0103E /* PBSettingManager.m */,
				85419BF72BCE713700E1786E /* PBSettingSwitchCell.h */,
				85419BF82BCE714600E1786E /* PBSettingSwitchCell.m */,
			);
			path = Setting;
			sourceTree = "<group>";
		};
		850BD5E02BCC226A00A0103E /* Event */ = {
			isa = PBXGroup;
			children = (
				850BD5E22BCC23C000A0103E /* PBEvent.h */,
				850BD5E32BCC23C800A0103E /* PBEvent.m */,
			);
			path = Event;
			sourceTree = "<group>";
		};
		850BD5E12BCC228100A0103E /* Statistic */ = {
			isa = PBXGroup;
			children = (
			);
			path = Statistic;
			sourceTree = "<group>";
		};
		850BD5E52BCC264600A0103E /* Menu */ = {
			isa = PBXGroup;
			children = (
				850BD5E62BCC265700A0103E /* PBHomePageMenuView.h */,
				850BD5E72BCC265E00A0103E /* PBHomePageMenuView.m */,
			);
			path = Menu;
			sourceTree = "<group>";
		};
		850BD5F62BCE1F8F00A0103E /* Navigation */ = {
			isa = PBXGroup;
			children = (
				850BD5F72BCE1FA400A0103E /* PBNavigationController.h */,
				850BD5F82BCE318E00A0103E /* PBNavigationController.m */,
			);
			path = Navigation;
			sourceTree = "<group>";
		};
		856AF1E02BCB0B7000F6FD55 = {
			isa = PBXGroup;
			children = (
				856AF1EB2BCB0B7000F6FD55 /* PomoBuddy */,
				856AF1EA2BCB0B7000F6FD55 /* Products */,
				35380429FDB0CD1B58CB8B55 /* Pods */,
				27098AC69C2E268CE7BF29A4 /* Frameworks */,
			);
			sourceTree = "<group>";
		};
		856AF1EA2BCB0B7000F6FD55 /* Products */ = {
			isa = PBXGroup;
			children = (
				856AF1E92BCB0B7000F6FD55 /* PomoBuddy.app */,
			);
			name = Products;
			sourceTree = "<group>";
		};
		856AF1EB2BCB0B7000F6FD55 /* PomoBuddy */ = {
			isa = PBXGroup;
			children = (
				850BD5D22BCB106500A0103E /* Modules */,
				856AF1EC2BCB0B7000F6FD55 /* AppDelegate.h */,
				856AF1ED2BCB0B7000F6FD55 /* AppDelegate.m */,
				856AF1EF2BCB0B7000F6FD55 /* SceneDelegate.h */,
				856AF1F02BCB0B7000F6FD55 /* SceneDelegate.m */,
				856AF1F22BCB0B7000F6FD55 /* ViewController.h */,
				856AF1F32BCB0B7000F6FD55 /* ViewController.m */,
				856AF1F82BCB0B7100F6FD55 /* Assets.xcassets */,
				856AF1FA2BCB0B7100F6FD55 /* LaunchScreen.storyboard */,
				856AF1FD2BCB0B7100F6FD55 /* Info.plist */,
				856AF1FE2BCB0B7100F6FD55 /* main.m */,
				850BD5EC2BCC59E800A0103E /* PomoBuddy-prefix.pch */,
			);
			path = PomoBuddy;
			sourceTree = "<group>";
		};
/* End PBXGroup section */

/* Begin PBXNativeTarget section */
		856AF1E82BCB0B7000F6FD55 /* PomoBuddy */ = {
			isa = PBXNativeTarget;
			buildConfigurationList = 856AF2022BCB0B7100F6FD55 /* Build configuration list for PBXNativeTarget "PomoBuddy" */;
			buildPhases = (
				BE8717D56A59F4FD7A549572 /* [CP] Check Pods Manifest.lock */,
				856AF1E52BCB0B7000F6FD55 /* Sources */,
				856AF1E62BCB0B7000F6FD55 /* Frameworks */,
				856AF1E72BCB0B7000F6FD55 /* Resources */,
				7AE590E22070E705D059FCBC /* [CP] Embed Pods Frameworks */,
			);
			buildRules = (
			);
			dependencies = (
			);
			name = PomoBuddy;
			productName = PomoBuddy;
			productReference = 856AF1E92BCB0B7000F6FD55 /* PomoBuddy.app */;
			productType = "com.apple.product-type.application";
		};
/* End PBXNativeTarget section */

/* Begin PBXProject section */
		856AF1E12BCB0B7000F6FD55 /* Project object */ = {
			isa = PBXProject;
			attributes = {
				BuildIndependentTargetsInParallel = 1;
				LastUpgradeCheck = 1430;
				TargetAttributes = {
					856AF1E82BCB0B7000F6FD55 = {
						CreatedOnToolsVersion = 14.3;
					};
				};
			};
			buildConfigurationList = 856AF1E42BCB0B7000F6FD55 /* Build configuration list for PBXProject "PomoBuddy" */;
			compatibilityVersion = "Xcode 14.0";
			developmentRegion = en;
			hasScannedForEncodings = 0;
			knownRegions = (
				en,
				Base,
			);
			mainGroup = 856AF1E02BCB0B7000F6FD55;
			productRefGroup = 856AF1EA2BCB0B7000F6FD55 /* Products */;
			projectDirPath = "";
			projectRoot = "";
			targets = (
				856AF1E82BCB0B7000F6FD55 /* PomoBuddy */,
			);
		};
/* End PBXProject section */

/* Begin PBXResourcesBuildPhase section */
		856AF1E72BCB0B7000F6FD55 /* Resources */ = {
			isa = PBXResourcesBuildPhase;
			buildActionMask = 2147483647;
			files = (
				856AF1FC2BCB0B7100F6FD55 /* LaunchScreen.storyboard in Resources */,
				856AF1F92BCB0B7100F6FD55 /* Assets.xcassets in Resources */,
			);
			runOnlyForDeploymentPostprocessing = 0;
		};
/* End PBXResourcesBuildPhase section */

/* Begin PBXShellScriptBuildPhase section */
		7AE590E22070E705D059FCBC /* [CP] Embed Pods Frameworks */ = {
			isa = PBXShellScriptBuildPhase;
			buildActionMask = 2147483647;
			files = (
			);
			inputFileListPaths = (
				"${PODS_ROOT}/Target Support Files/Pods-PomoBuddy/Pods-PomoBuddy-frameworks-${CONFIGURATION}-input-files.xcfilelist",
			);
			name = "[CP] Embed Pods Frameworks";
			outputFileListPaths = (
				"${PODS_ROOT}/Target Support Files/Pods-PomoBuddy/Pods-PomoBuddy-frameworks-${CONFIGURATION}-output-files.xcfilelist",
			);
			runOnlyForDeploymentPostprocessing = 0;
			shellPath = /bin/sh;
			shellScript = "\"${PODS_ROOT}/Target Support Files/Pods-PomoBuddy/Pods-PomoBuddy-frameworks.sh\"\n";
			showEnvVarsInLog = 0;
		};
		BE8717D56A59F4FD7A549572 /* [CP] Check Pods Manifest.lock */ = {
			isa = PBXShellScriptBuildPhase;
			buildActionMask = 2147483647;
			files = (
			);
			inputFileListPaths = (
			);
			inputPaths = (
				"${PODS_PODFILE_DIR_PATH}/Podfile.lock",
				"${PODS_ROOT}/Manifest.lock",
			);
			name = "[CP] Check Pods Manifest.lock";
			outputFileListPaths = (
			);
			outputPaths = (
				"$(DERIVED_FILE_DIR)/Pods-PomoBuddy-checkManifestLockResult.txt",
			);
			runOnlyForDeploymentPostprocessing = 0;
			shellPath = /bin/sh;
			shellScript = "diff \"${PODS_PODFILE_DIR_PATH}/Podfile.lock\" \"${PODS_ROOT}/Manifest.lock\" > /dev/null\nif [ $? != 0 ] ; then\n    # print error to STDERR\n    echo \"error: The sandbox is not in sync with the Podfile.lock. Run 'pod install' or update your CocoaPods installation.\" >&2\n    exit 1\nfi\n# This output is used by Xcode 'outputs' to avoid re-running this script phase.\necho \"SUCCESS\" > \"${SCRIPT_OUTPUT_FILE_0}\"\n";
			showEnvVarsInLog = 0;
		};
/* End PBXShellScriptBuildPhase section */

/* Begin PBXSourcesBuildPhase section */
		856AF1E52BCB0B7000F6FD55 /* Sources */ = {
			isa = PBXSourcesBuildPhase;
			buildActionMask = 2147483647;
			files = (
				850BD5E42BCC23C800A0103E /* PBEvent.m in Sources */,
				850BD5F52BCDAC3900A0103E /* PBSettingManager.m in Sources */,
				850BD5DF2BCBD51800A0103E /* PBSettingViewController.m in Sources */,
				850BD5F92BCE318E00A0103E /* PBNavigationController.m in Sources */,
				850BD5DB2BCBC72D00A0103E /* PBCommonUtils.m in Sources */,
				850BD5E82BCC265E00A0103E /* PBHomePageMenuView.m in Sources */,
				850BD5EB2BCC587200A0103E /* UIView+Helper.m in Sources */,
				856AF1F42BCB0B7000F6FD55 /* ViewController.m in Sources */,
				85419BF92BCE714600E1786E /* PBSettingSwitchCell.m in Sources */,
				850BD5EF2BCDA96300A0103E /* PBSettingSwitchItem.m in Sources */,
				856AF1EE2BCB0B7000F6FD55 /* AppDelegate.m in Sources */,
				850BD5F22BCDAB7600A0103E /* PBSettingGroup.m in Sources */,
				856AF1FF2BCB0B7100F6FD55 /* main.m in Sources */,
				856AF1F12BCB0B7000F6FD55 /* SceneDelegate.m in Sources */,
				850BD5D72BCB1B3300A0103E /* PBHomePageController.m in Sources */,
			);
			runOnlyForDeploymentPostprocessing = 0;
		};
/* End PBXSourcesBuildPhase section */

/* Begin PBXVariantGroup section */
		856AF1FA2BCB0B7100F6FD55 /* LaunchScreen.storyboard */ = {
			isa = PBXVariantGroup;
			children = (
				856AF1FB2BCB0B7100F6FD55 /* Base */,
			);
			name = LaunchScreen.storyboard;
			sourceTree = "<group>";
		};
/* End PBXVariantGroup section */

/* Begin XCBuildConfiguration section */
		856AF2002BCB0B7100F6FD55 /* Debug */ = {
			isa = XCBuildConfiguration;
			buildSettings = {
				ALWAYS_SEARCH_USER_PATHS = NO;
				CLANG_ANALYZER_NONNULL = YES;
				CLANG_ANALYZER_NUMBER_OBJECT_CONVERSION = YES_AGGRESSIVE;
				CLANG_CXX_LANGUAGE_STANDARD = "gnu++20";
				CLANG_ENABLE_MODULES = YES;
				CLANG_ENABLE_OBJC_ARC = YES;
				CLANG_ENABLE_OBJC_WEAK = YES;
				CLANG_WARN_BLOCK_CAPTURE_AUTORELEASING = YES;
				CLANG_WARN_BOOL_CONVERSION = YES;
				CLANG_WARN_COMMA = YES;
				CLANG_WARN_CONSTANT_CONVERSION = YES;
				CLANG_WARN_DEPRECATED_OBJC_IMPLEMENTATIONS = YES;
				CLANG_WARN_DIRECT_OBJC_ISA_USAGE = YES_ERROR;
				CLANG_WARN_DOCUMENTATION_COMMENTS = YES;
				CLANG_WARN_EMPTY_BODY = YES;
				CLANG_WARN_ENUM_CONVERSION = YES;
				CLANG_WARN_INFINITE_RECURSION = YES;
				CLANG_WARN_INT_CONVERSION = YES;
				CLANG_WARN_NON_LITERAL_NULL_CONVERSION = YES;
				CLANG_WARN_OBJC_IMPLICIT_RETAIN_SELF = YES;
				CLANG_WARN_OBJC_LITERAL_CONVERSION = YES;
				CLANG_WARN_OBJC_ROOT_CLASS = YES_ERROR;
				CLANG_WARN_QUOTED_INCLUDE_IN_FRAMEWORK_HEADER = YES;
				CLANG_WARN_RANGE_LOOP_ANALYSIS = YES;
				CLANG_WARN_STRICT_PROTOTYPES = YES;
				CLANG_WARN_SUSPICIOUS_MOVE = YES;
				CLANG_WARN_UNGUARDED_AVAILABILITY = YES_AGGRESSIVE;
				CLANG_WARN_UNREACHABLE_CODE = YES;
				CLANG_WARN__DUPLICATE_METHOD_MATCH = YES;
				COPY_PHASE_STRIP = NO;
				DEBUG_INFORMATION_FORMAT = dwarf;
				ENABLE_STRICT_OBJC_MSGSEND = YES;
				ENABLE_TESTABILITY = YES;
				GCC_C_LANGUAGE_STANDARD = gnu11;
				GCC_DYNAMIC_NO_PIC = NO;
				GCC_NO_COMMON_BLOCKS = YES;
				GCC_OPTIMIZATION_LEVEL = 0;
				GCC_PREFIX_HEADER = "PomoBuddy/PomoBuddy-prefix.pch";
				GCC_PREPROCESSOR_DEFINITIONS = (
					"DEBUG=1",
					"$(inherited)",
				);
				GCC_WARN_64_TO_32_BIT_CONVERSION = YES;
				GCC_WARN_ABOUT_RETURN_TYPE = YES_ERROR;
				GCC_WARN_UNDECLARED_SELECTOR = YES;
				GCC_WARN_UNINITIALIZED_AUTOS = YES_AGGRESSIVE;
				GCC_WARN_UNUSED_FUNCTION = YES;
				GCC_WARN_UNUSED_VARIABLE = YES;
				IPHONEOS_DEPLOYMENT_TARGET = 16.4;
				MTL_ENABLE_DEBUG_INFO = INCLUDE_SOURCE;
				MTL_FAST_MATH = YES;
				ONLY_ACTIVE_ARCH = YES;
				SDKROOT = iphoneos;
			};
			name = Debug;
		};
		856AF2012BCB0B7100F6FD55 /* Release */ = {
			isa = XCBuildConfiguration;
			buildSettings = {
				ALWAYS_SEARCH_USER_PATHS = NO;
				CLANG_ANALYZER_NONNULL = YES;
				CLANG_ANALYZER_NUMBER_OBJECT_CONVERSION = YES_AGGRESSIVE;
				CLANG_CXX_LANGUAGE_STANDARD = "gnu++20";
				CLANG_ENABLE_MODULES = YES;
				CLANG_ENABLE_OBJC_ARC = YES;
				CLANG_ENABLE_OBJC_WEAK = YES;
				CLANG_WARN_BLOCK_CAPTURE_AUTORELEASING = YES;
				CLANG_WARN_BOOL_CONVERSION = YES;
				CLANG_WARN_COMMA = YES;
				CLANG_WARN_CONSTANT_CONVERSION = YES;
				CLANG_WARN_DEPRECATED_OBJC_IMPLEMENTATIONS = YES;
				CLANG_WARN_DIRECT_OBJC_ISA_USAGE = YES_ERROR;
				CLANG_WARN_DOCUMENTATION_COMMENTS = YES;
				CLANG_WARN_EMPTY_BODY = YES;
				CLANG_WARN_ENUM_CONVERSION = YES;
				CLANG_WARN_INFINITE_RECURSION = YES;
				CLANG_WARN_INT_CONVERSION = YES;
				CLANG_WARN_NON_LITERAL_NULL_CONVERSION = YES;
				CLANG_WARN_OBJC_IMPLICIT_RETAIN_SELF = YES;
				CLANG_WARN_OBJC_LITERAL_CONVERSION = YES;
				CLANG_WARN_OBJC_ROOT_CLASS = YES_ERROR;
				CLANG_WARN_QUOTED_INCLUDE_IN_FRAMEWORK_HEADER = YES;
				CLANG_WARN_RANGE_LOOP_ANALYSIS = YES;
				CLANG_WARN_STRICT_PROTOTYPES = YES;
				CLANG_WARN_SUSPICIOUS_MOVE = YES;
				CLANG_WARN_UNGUARDED_AVAILABILITY = YES_AGGRESSIVE;
				CLANG_WARN_UNREACHABLE_CODE = YES;
				CLANG_WARN__DUPLICATE_METHOD_MATCH = YES;
				COPY_PHASE_STRIP = NO;
				DEBUG_INFORMATION_FORMAT = "dwarf-with-dsym";
				ENABLE_NS_ASSERTIONS = NO;
				ENABLE_STRICT_OBJC_MSGSEND = YES;
				GCC_C_LANGUAGE_STANDARD = gnu11;
				GCC_NO_COMMON_BLOCKS = YES;
				GCC_PREFIX_HEADER = "PomoBuddy/PomoBuddy-prefix.pch";
				GCC_WARN_64_TO_32_BIT_CONVERSION = YES;
				GCC_WARN_ABOUT_RETURN_TYPE = YES_ERROR;
				GCC_WARN_UNDECLARED_SELECTOR = YES;
				GCC_WARN_UNINITIALIZED_AUTOS = YES_AGGRESSIVE;
				GCC_WARN_UNUSED_FUNCTION = YES;
				GCC_WARN_UNUSED_VARIABLE = YES;
				IPHONEOS_DEPLOYMENT_TARGET = 16.4;
				MTL_ENABLE_DEBUG_INFO = NO;
				MTL_FAST_MATH = YES;
				SDKROOT = iphoneos;
				VALIDATE_PRODUCT = YES;
			};
			name = Release;
		};
		856AF2032BCB0B7100F6FD55 /* Debug */ = {
			isa = XCBuildConfiguration;
			baseConfigurationReference = B33B42EE5A767CD5810D5F5C /* Pods-PomoBuddy.debug.xcconfig */;
			buildSettings = {
				ASSETCATALOG_COMPILER_APPICON_NAME = AppIcon;
				ASSETCATALOG_COMPILER_GLOBAL_ACCENT_COLOR_NAME = AccentColor;
				CODE_SIGN_STYLE = Automatic;
				CURRENT_PROJECT_VERSION = 1;
				DEVELOPMENT_TEAM = THDA2HN25J;
				GENERATE_INFOPLIST_FILE = YES;
				INFOPLIST_FILE = PomoBuddy/Info.plist;
				INFOPLIST_KEY_UIApplicationSupportsIndirectInputEvents = YES;
				INFOPLIST_KEY_UILaunchStoryboardName = LaunchScreen;
				INFOPLIST_KEY_UISupportedInterfaceOrientations_iPad = "UIInterfaceOrientationPortrait UIInterfaceOrientationPortraitUpsideDown UIInterfaceOrientationLandscapeLeft UIInterfaceOrientationLandscapeRight";
				INFOPLIST_KEY_UISupportedInterfaceOrientations_iPhone = "UIInterfaceOrientationPortrait UIInterfaceOrientationLandscapeLeft UIInterfaceOrientationLandscapeRight";
				IPHONEOS_DEPLOYMENT_TARGET = 13.0;
				LD_RUNPATH_SEARCH_PATHS = (
					"$(inherited)",
					"@executable_path/Frameworks",
				);
				MARKETING_VERSION = 1.0;
				PRODUCT_BUNDLE_IDENTIFIER = hku.cs7506.PomoBuddy;
				PRODUCT_NAME = "$(TARGET_NAME)";
				SWIFT_EMIT_LOC_STRINGS = YES;
				TARGETED_DEVICE_FAMILY = "1,2";
			};
			name = Debug;
		};
		856AF2042BCB0B7100F6FD55 /* Release */ = {
			isa = XCBuildConfiguration;
			baseConfigurationReference = 39C4F2EB5BE16D1EAD71DCF9 /* Pods-PomoBuddy.release.xcconfig */;
			buildSettings = {
				ASSETCATALOG_COMPILER_APPICON_NAME = AppIcon;
				ASSETCATALOG_COMPILER_GLOBAL_ACCENT_COLOR_NAME = AccentColor;
				CODE_SIGN_STYLE = Automatic;
				CURRENT_PROJECT_VERSION = 1;
				DEVELOPMENT_TEAM = THDA2HN25J;
				GENERATE_INFOPLIST_FILE = YES;
				INFOPLIST_FILE = PomoBuddy/Info.plist;
				INFOPLIST_KEY_UIApplicationSupportsIndirectInputEvents = YES;
				INFOPLIST_KEY_UILaunchStoryboardName = LaunchScreen;
				INFOPLIST_KEY_UISupportedInterfaceOrientations_iPad = "UIInterfaceOrientationPortrait UIInterfaceOrientationPortraitUpsideDown UIInterfaceOrientationLandscapeLeft UIInterfaceOrientationLandscapeRight";
				INFOPLIST_KEY_UISupportedInterfaceOrientations_iPhone = "UIInterfaceOrientationPortrait UIInterfaceOrientationLandscapeLeft UIInterfaceOrientationLandscapeRight";
				IPHONEOS_DEPLOYMENT_TARGET = 13.0;
				LD_RUNPATH_SEARCH_PATHS = (
					"$(inherited)",
					"@executable_path/Frameworks",
				);
				MARKETING_VERSION = 1.0;
				PRODUCT_BUNDLE_IDENTIFIER = hku.cs7506.PomoBuddy;
				PRODUCT_NAME = "$(TARGET_NAME)";
				SWIFT_EMIT_LOC_STRINGS = YES;
				TARGETED_DEVICE_FAMILY = "1,2";
			};
			name = Release;
		};
/* End XCBuildConfiguration section */

/* Begin XCConfigurationList section */
		856AF1E42BCB0B7000F6FD55 /* Build configuration list for PBXProject "PomoBuddy" */ = {
			isa = XCConfigurationList;
			buildConfigurations = (
				856AF2002BCB0B7100F6FD55 /* Debug */,
				856AF2012BCB0B7100F6FD55 /* Release */,
			);
			defaultConfigurationIsVisible = 0;
			defaultConfigurationName = Release;
		};
		856AF2022BCB0B7100F6FD55 /* Build configuration list for PBXNativeTarget "PomoBuddy" */ = {
			isa = XCConfigurationList;
			buildConfigurations = (
				856AF2032BCB0B7100F6FD55 /* Debug */,
				856AF2042BCB0B7100F6FD55 /* Release */,
			);
			defaultConfigurationIsVisible = 0;
			defaultConfigurationName = Release;
		};
/* End XCConfigurationList section */
	};
	rootObject = 856AF1E12BCB0B7000F6FD55 /* Project object */;
}
